{
  "requires": true,
  "lockfileVersion": 1,
  "dependencies": {
    "@better-scroll/core": {
      "version": "2.2.1",
      "resolved": "https://registry.npmjs.org/@better-scroll/core/-/core-2.2.1.tgz",
      "integrity": "sha512-5Uap8j9tdatTVGnWKLCqzp1yEzmRKxaciURYrgng7FkjkBst5hR8YyS+YbBocUT1pAjeGS6c5Az2vaSmvN3yug==",
      "requires": {
        "@better-scroll/shared-utils": "2.2.1"
      }
    },
    "@better-scroll/indicators": {
      "version": "2.2.1",
      "resolved": "https://registry.npmjs.org/@better-scroll/indicators/-/indicators-2.2.1.tgz",
      "integrity": "sha512-xiOa1Ksseg2Iurvh7Q/Zt6s97FGl9s4afd0uDFsja/LiXLTOGb/IBIIqMR/WxZSrfFUpYPwQLjqmJvYYnUqopA==",
      "requires": {
        "@better-scroll/core": "2.2.1"
      }
    },
    "@better-scroll/infinity": {
      "version": "2.2.1",
      "resolved": "https://registry.npmjs.org/@better-scroll/infinity/-/infinity-2.2.1.tgz",
      "integrity": "sha512-z2TspGWE3MnN9p2r19mn5JP7I6sXZt6cwVGZtjW98T1dpJCq0gkLEfXBpD8KvLfNMuwTR8QP3TCPe9ERnDaT7Q==",
      "requires": {
        "@better-scroll/core": "2.2.1"
      }
    },
    "@better-scroll/mouse-wheel": {
      "version": "2.2.1",
      "resolved": "https://registry.npmjs.org/@better-scroll/mouse-wheel/-/mouse-wheel-2.2.1.tgz",
      "integrity": "sha512-u+P4Jl9Gfz/Ke0TdDrAa8GMr4tJxnseNPJmnDv879EoW31K5iVt0gCcB7Jx4A+xb9U5HWxkR/JleLdlY5Hg+pA==",
      "requires": {
        "@better-scroll/core": "2.2.1"
      }
    },
    "@better-scroll/movable": {
      "version": "2.2.1",
      "resolved": "https://registry.npmjs.org/@better-scroll/movable/-/movable-2.2.1.tgz",
      "integrity": "sha512-UzQCROMbtsRhGSahdzvqUkKyyRr2ecHrtV5ZYNDRUb1q4iLjIF4Lxh3TYUBYAJYX/a5ysnZiypNmdcuPIu0E/g==",
      "requires": {
        "@better-scroll/core": "2.2.1"
      }
    },
    "@better-scroll/nested-scroll": {
      "version": "2.2.1",
      "resolved": "https://registry.npmjs.org/@better-scroll/nested-scroll/-/nested-scroll-2.2.1.tgz",
      "integrity": "sha512-U87kbxOcnX9dYJ+yZDKBP/MNz9fy1JR3gVvVUlmZJO90Hwih/WXPr54QBD475RPgeVL4BLOYQ95HlEKsObdOSA==",
      "requires": {
        "@better-scroll/core": "2.2.1"
      }
    },
    "@better-scroll/observe-dom": {
      "version": "2.2.1",
      "resolved": "https://registry.npmjs.org/@better-scroll/observe-dom/-/observe-dom-2.2.1.tgz",
      "integrity": "sha512-R2ZnvGJEVTNga907kr2KTgfuX7hyO1Coc3K8e2OXima6d1LU+2iuNEC2GwiUVlgR/XtwnhfTBvy7gGg9gChZ3w==",
      "requires": {
        "@better-scroll/core": "2.2.1"
      }
    },
    "@better-scroll/observe-image": {
      "version": "2.2.1",
      "resolved": "https://registry.npmjs.org/@better-scroll/observe-image/-/observe-image-2.2.1.tgz",
      "integrity": "sha512-AwkqSNO6Tw2FN5N/clD490wcRw1TliLd2CnOrOke8pC3CSzzNL67Nco/PBZ5GX/sIIB/nRZMTO8iHnktVxNdoA==",
      "requires": {
        "@better-scroll/core": "2.2.1"
      }
    },
    "@better-scroll/pull-down": {
      "version": "2.2.1",
      "resolved": "https://registry.npmjs.org/@better-scroll/pull-down/-/pull-down-2.2.1.tgz",
      "integrity": "sha512-gaTcIGgY3B9hwGymvZIk7YJra3uFgwLYn0JwnZzWvQfLklptjQ2MK2p2VliJV+B5vDf7xuOtfxEp7sdadskQoA==",
      "requires": {
        "@better-scroll/core": "2.2.1"
      }
    },
    "@better-scroll/pull-up": {
      "version": "2.2.1",
      "resolved": "https://registry.npmjs.org/@better-scroll/pull-up/-/pull-up-2.2.1.tgz",
      "integrity": "sha512-6oXR1NZJKsePBqyiA1bJShp2gTrorAOYP8gBzotWwyC8rPUaJW9Q86VBnciVqry1MPCTXeMWNsatAYUiCCYyGw==",
      "requires": {
        "@better-scroll/core": "2.2.1"
      }
    },
    "@better-scroll/scroll-bar": {
      "version": "2.2.1",
      "resolved": "https://registry.npmjs.org/@better-scroll/scroll-bar/-/scroll-bar-2.2.1.tgz",
      "integrity": "sha512-ryyAMKXuo3eQ9zrl1DRBNBR1iduCRxGhkBw56PYzG+Vk8D4rqHzVIFpwPVow0ZhNixGLvvSg6wzKGP+lDVc+wg==",
      "requires": {
        "@better-scroll/core": "2.2.1"
      }
    },
    "@better-scroll/shared-utils": {
      "version": "2.2.1",
      "resolved": "https://registry.npmjs.org/@better-scroll/shared-utils/-/shared-utils-2.2.1.tgz",
      "integrity": "sha512-EDkIp/93CcdMYyVfdIqga1edErmolEQvi9xI0lmBxYl1dSBGZxVQgAmBunqw7zXODwJOAWcS7mhcIGu0H/oS5Q=="
    },
    "@better-scroll/slide": {
      "version": "2.2.1",
      "resolved": "https://registry.npmjs.org/@better-scroll/slide/-/slide-2.2.1.tgz",
      "integrity": "sha512-RoYytgKue38EJP0u3Lk8fnW9hbggNg2x8FDVGbvNzkTy4T0rMdfkls5DisnCFuZaC8O6t/mCM/FWZabVVkDG3A==",
      "requires": {
        "@better-scroll/core": "2.2.1"
      }
    },
    "@better-scroll/wheel": {
      "version": "2.2.1",
      "resolved": "https://registry.npmjs.org/@better-scroll/wheel/-/wheel-2.2.1.tgz",
      "integrity": "sha512-/b247FVHRfm0OWusdeIU0xeASOho7tHSiYf6HJtmdD1YuDGZJBzzrt90JMslqs7sr6oqOJ1VCsCOK7C3pOYJmQ==",
      "requires": {
        "@better-scroll/core": "2.2.1"
      }
    },
    "@better-scroll/zoom": {
      "version": "2.2.1",
      "resolved": "https://registry.npmjs.org/@better-scroll/zoom/-/zoom-2.2.1.tgz",
      "integrity": "sha512-Sy5BY7W7/civJKFa2roINNhbM+Mz2Mefsd9vNKWIeQbe5FtpKd85RpjsmEPHvzZdT8SJhpAQRQoynui3gH4llQ==",
      "requires": {
        "@better-scroll/core": "2.2.1"
      }
    },
    "axios": {
      "version": "0.21.1",
      "resolved": "https://registry.npmjs.org/axios/-/axios-0.21.1.tgz",
      "integrity": "sha512-dKQiRHxGD9PPRIUNIWvZhPTPpl1rf/OxTYKsqKUDjBwYylTvV7SjSHJb9ratfyzM6wCdLCOYLzs73qpg5c4iGA==",
      "requires": {
        "follow-redirects": "1.13.3"
      }
    },
    "better-scroll": {
      "version": "2.2.1",
      "resolved": "https://registry.npmjs.org/better-scroll/-/better-scroll-2.2.1.tgz",
      "integrity": "sha512-yoQdvxJx8+02E1erR9sJvwnYAEGf2ullY5AQWmF9qRuJutQzpT+9nTsvX0lsgUr+xKnOeg8kCK29j6aqsYwj+A==",
      "requires": {
        "@better-scroll/core": "2.2.1",
        "@better-scroll/indicators": "2.2.1",
        "@better-scroll/infinity": "2.2.1",
        "@better-scroll/mouse-wheel": "2.2.1",
        "@better-scroll/movable": "2.2.1",
        "@better-scroll/nested-scroll": "2.2.1",
        "@better-scroll/observe-dom": "2.2.1",
        "@better-scroll/observe-image": "2.2.1",
        "@better-scroll/pull-down": "2.2.1",
        "@better-scroll/pull-up": "2.2.1",
        "@better-scroll/scroll-bar": "2.2.1",
        "@better-scroll/slide": "2.2.1",
        "@better-scroll/wheel": "2.2.1",
        "@better-scroll/zoom": "2.2.1"
      }
    },
    "follow-redirects": {
      "version": "1.13.3",
      "resolved": "https://registry.npmjs.org/follow-redirects/-/follow-redirects-1.13.3.tgz",
      "integrity": "sha512-DUgl6+HDzB0iEptNQEXLx/KhTmDb8tZUHSeLqpnjpknR70H0nC2t9N73BK6fN4hOvJ84pKlIQVQ4k5FFlBedKA=="
    },
    "vue-router": {
      "version": "3.5.1",
      "resolved": "https://registry.npmjs.org/vue-router/-/vue-router-3.5.1.tgz",
      "integrity": "sha512-RRQNLT8Mzr8z7eL4p7BtKvRaTSGdCbTy2+Mm5HTJvLGYSSeG9gDzNasJPP/yOYKLy+/cLG/ftrqq5fvkFwBJEw=="
    }
  }
}
